
Microsoft Visual Studio Solution File, Format Version 12.00
# Visual Studio 15
VisualStudioVersion = 15.0.28307.421
MinimumVisualStudioVersion = 10.0.40219.1
Project("{FAE04EC0-301F-11D3-BF4B-00C04F79EFBC}") = "AppointmentV2", "AppointmentV2\AppointmentV2.csproj", "{BDF44099-F8AC-4B32-817D-8A2593DA65AF}"
EndProject
Project("{FAE04EC0-301F-11D3-BF4B-00C04F79EFBC}") = "AppointmentV2.Authentication", "..\AppointmentV2.Authentication\AppointmentV2.Authentication.csproj", "{A2187958-F383-4CC9-A237-A6E620CF01DF}"
EndProject
Global
	GlobalSection(SolutionConfigurationPlatforms) = preSolution
		Debug|Any CPU = Debug|Any CPU
		Release|Any CPU = Release|Any CPU
	EndGlobalSection
	GlobalSection(ProjectConfigurationPlatforms) = postSolution
		{BDF44099-F8AC-4B32-817D-8A2593DA65AF}.Debug|Any CPU.ActiveCfg = Debug|Any CPU
		{BDF44099-F8AC-4B32-817D-8A2593DA65AF}.Debug|Any CPU.Build.0 = Debug|Any CPU
		{BDF44099-F8AC-4B32-817D-8A2593DA65AF}.Release|Any CPU.ActiveCfg = Release|Any CPU
		{BDF44099-F8AC-4B32-817D-8A2593DA65AF}.Release|Any CPU.Build.0 = Release|Any CPU
		{A2187958-F383-4CC9-A237-A6E620CF01DF}.Debug|Any CPU.ActiveCfg = Debug|Any CPU
		{A2187958-F383-4CC9-A237-A6E620CF01DF}.Debug|Any CPU.Build.0 = Debug|Any CPU
		{A2187958-F383-4CC9-A237-A6E620CF01DF}.Release|Any CPU.ActiveCfg = Release|Any CPU
		{A2187958-F383-4CC9-A237-A6E620CF01DF}.Release|Any CPU.Build.0 = Release|Any CPU
	EndGlobalSection
	GlobalSection(SolutionProperties) = preSolution
		HideSolutionNode = FALSE
	EndGlobalSection
	GlobalSection(ExtensibilityGlobals) = postSolution
		SolutionGuid = {DD3DB90D-AAEF-4027-8333-0E932ACC361A}
	EndGlobalSection
EndGlobal
